{
  "name": "test-kmz",
  "version": "1.0.0",
  "lockfileVersion": 2,
  "requires": true,
  "packages": {
    "": {
      "name": "test-kmz",
      "version": "1.0.0",
      "hasInstallScript": true,
      "license": "ISC",
      "engines": {
        "node": "16.19.1",
        "npm": "8.19.3"
      }
    }
  }
}
